
Microsoft Visual Studio Solution File, Format Version 12.00
# Visual Studio 15
VisualStudioVersion = 15.0.28307.757
MinimumVisualStudioVersion = 10.0.40219.1
Project("{FAE04EC0-301F-11D3-BF4B-00C04F79EFBC}") = "Minesweeper", "Minesweeper\Minesweeper.csproj", "{5366D15E-987A-4EBC-A036-717CF14820EC}"
EndProject
Global
	GlobalSection(SolutionConfigurationPlatforms) = preSolution
		Debug|Any CPU = Debug|Any CPU
		Release|Any CPU = Release|Any CPU
	EndGlobalSection
	GlobalSection(ProjectConfigurationPlatforms) = postSolution
		{5366D15E-987A-4EBC-A036-717CF14820EC}.Debug|Any CPU.ActiveCfg = Debug|Any CPU
		{5366D15E-987A-4EBC-A036-717CF14820EC}.Debug|Any CPU.Build.0 = Debug|Any CPU
		{5366D15E-987A-4EBC-A036-717CF14820EC}.Release|Any CPU.ActiveCfg = Release|Any CPU
		{5366D15E-987A-4EBC-A036-717CF14820EC}.Release|Any CPU.Build.0 = Release|Any CPU
	EndGlobalSection
	GlobalSection(SolutionProperties) = preSolution
		HideSolutionNode = FALSE
	EndGlobalSection
	GlobalSection(ExtensibilityGlobals) = postSolution
		SolutionGuid = {117C9256-B10C-4564-AB4F-9662E90161CA}
	EndGlobalSection
EndGlobal
